
Microsoft Visual Studio Solution File, Format Version 12.00
# Visual Studio 15
VisualStudioVersion = 15.0.28010.2036
MinimumVisualStudioVersion = 10.0.40219.1
Project("{8BC9CEB8-8B4A-11D0-8D11-00A0C91BC942}") = "Ch4_Lab3", "Ch4_Lab3\Ch4_Lab3.vcxproj", "{68DBB89E-BDF3-455B-995E-7F859B3FFC06}"
EndProject
Global
	GlobalSection(SolutionConfigurationPlatforms) = preSolution
		Debug|x64 = Debug|x64
		Debug|x86 = Debug|x86
		Release|x64 = Release|x64
		Release|x86 = Release|x86
	EndGlobalSection
	GlobalSection(ProjectConfigurationPlatforms) = postSolution
		{68DBB89E-BDF3-455B-995E-7F859B3FFC06}.Debug|x64.ActiveCfg = Debug|x64
		{68DBB89E-BDF3-455B-995E-7F859B3FFC06}.Debug|x64.Build.0 = Debug|x64
		{68DBB89E-BDF3-455B-995E-7F859B3FFC06}.Debug|x86.ActiveCfg = Debug|Win32
		{68DBB89E-BDF3-455B-995E-7F859B3FFC06}.Debug|x86.Build.0 = Debug|Win32
		{68DBB89E-BDF3-455B-995E-7F859B3FFC06}.Release|x64.ActiveCfg = Release|x64
		{68DBB89E-BDF3-455B-995E-7F859B3FFC06}.Release|x64.Build.0 = Release|x64
		{68DBB89E-BDF3-455B-995E-7F859B3FFC06}.Release|x86.ActiveCfg = Release|Win32
		{68DBB89E-BDF3-455B-995E-7F859B3FFC06}.Release|x86.Build.0 = Release|Win32
	EndGlobalSection
	GlobalSection(SolutionProperties) = preSolution
		HideSolutionNode = FALSE
	EndGlobalSection
	GlobalSection(ExtensibilityGlobals) = postSolution
		SolutionGuid = {EFDDA75E-2DE5-48BB-B0D7-B0C2FDD4F19B}
	EndGlobalSection
EndGlobal
